
Microsoft Visual Studio Solution File, Format Version 12.00
# Visual Studio Version 17
VisualStudioVersion = 17.11.35327.3
MinimumVisualStudioVersion = 10.0.40219.1
Project("{FAE04EC0-301F-11D3-BF4B-00C04F79EFBC}") = "Server", "Server\Server.csproj", "{123FAECE-4015-44F6-B79D-7FCD74BE8AB7}"
EndProject
Global
	GlobalSection(SolutionConfigurationPlatforms) = preSolution
		Debug|Any CPU = Debug|Any CPU
		Release|Any CPU = Release|Any CPU
	EndGlobalSection
	GlobalSection(ProjectConfigurationPlatforms) = postSolution
		{123FAECE-4015-44F6-B79D-7FCD74BE8AB7}.Debug|Any CPU.ActiveCfg = Debug|Any CPU
		{123FAECE-4015-44F6-B79D-7FCD74BE8AB7}.Debug|Any CPU.Build.0 = Debug|Any CPU
		{123FAECE-4015-44F6-B79D-7FCD74BE8AB7}.Release|Any CPU.ActiveCfg = Release|Any CPU
		{123FAECE-4015-44F6-B79D-7FCD74BE8AB7}.Release|Any CPU.Build.0 = Release|Any CPU
	EndGlobalSection
	GlobalSection(SolutionProperties) = preSolution
		HideSolutionNode = FALSE
	EndGlobalSection
	GlobalSection(ExtensibilityGlobals) = postSolution
		SolutionGuid = {D78D8AD4-E403-4F7E-868C-AC769C134B37}
	EndGlobalSection
EndGlobal
