
Microsoft Visual Studio Solution File, Format Version 12.00
# Visual Studio Version 17
VisualStudioVersion = 17.11.35327.3
MinimumVisualStudioVersion = 10.0.40219.1
Project("{FAE04EC0-301F-11D3-BF4B-00C04F79EFBC}") = "Client", "Client\Client.csproj", "{8568099B-26B1-4619-A966-8271EA982C93}"
EndProject
Global
	GlobalSection(SolutionConfigurationPlatforms) = preSolution
		Debug|Any CPU = Debug|Any CPU
		Release|Any CPU = Release|Any CPU
	EndGlobalSection
	GlobalSection(ProjectConfigurationPlatforms) = postSolution
		{8568099B-26B1-4619-A966-8271EA982C93}.Debug|Any CPU.ActiveCfg = Debug|Any CPU
		{8568099B-26B1-4619-A966-8271EA982C93}.Debug|Any CPU.Build.0 = Debug|Any CPU
		{8568099B-26B1-4619-A966-8271EA982C93}.Release|Any CPU.ActiveCfg = Release|Any CPU
		{8568099B-26B1-4619-A966-8271EA982C93}.Release|Any CPU.Build.0 = Release|Any CPU
	EndGlobalSection
	GlobalSection(SolutionProperties) = preSolution
		HideSolutionNode = FALSE
	EndGlobalSection
	GlobalSection(ExtensibilityGlobals) = postSolution
		SolutionGuid = {6F778018-6914-4635-908C-48792F971083}
	EndGlobalSection
EndGlobal
